# THIS IS AN AUTOGENERATED FILE. DO NOT EDIT THIS FILE DIRECTLY.
# yarn lockfile v1


"@babel/runtime@^7.9.2":
  version "7.17.7"
  resolved "https://registry.yarnpkg.com/@babel/runtime/-/runtime-7.17.7.tgz#a5f3328dc41ff39d803f311cfe17703418cf9825"
  integrity sha512-L6rvG9GDxaLgFjg41K+5Yv9OMrU98sWe+Ykmc6FDJW/+vYZMhdOMKkISgzptMaERHvS2Y2lw9MDRm2gHhlQQoA==
  dependencies:
    regenerator-runtime "^0.13.4"

"@googlemaps/js-api-loader@^1.7.0":
  version "1.13.10"
  resolved "https://registry.yarnpkg.com/@googlemaps/js-api-loader/-/js-api-loader-1.13.10.tgz#499cb58b9dcf8d29101d6d113650b27a55c70ae5"
  integrity sha512-11AF8SdXca1+trN7kDYiPqwxcjQjet/e/A20PPR2hMHQIZ0ktxd4VsqbsSDLj1BZW1bke0FnZ4zY0KYmgWZ9cg==
  dependencies:
    fast-deep-equal "^3.1.3"

"@hookform/resolvers@^2.9.10":
  version "2.9.10"
  resolved "https://registry.yarnpkg.com/@hookform/resolvers/-/resolvers-2.9.10.tgz#e7e88942ee34e97b7bc937b0be4694194c9cd420"
  integrity sha512-JIL1DgJIlH9yuxcNGtyhsWX/PgNltz+5Gr6+8SX9fhXc/hPbEIk6wPI82nhgvp3uUb6ZfAM5mqg/x7KR7NAb+A==

"@mapbox/point-geometry@^0.1.0":
  version "0.1.0"
  resolved "https://registry.yarnpkg.com/@mapbox/point-geometry/-/point-geometry-0.1.0.tgz#8a83f9335c7860effa2eeeca254332aa0aeed8f2"
  integrity sha1-ioP5M1x4YO/6Lu7KJUMyqgru2PI=

"@types/atob@^2.1.2":
  version "2.1.2"
  resolved "https://registry.yarnpkg.com/@types/atob/-/atob-2.1.2.tgz#157eb0cc46264a8c55f2273a836c7a1a644fb820"
  integrity sha512-8GAYQ1jDRUQkSpHzJUqXwAkYFOxuWAOGLhIR4aPd/Y/yL12Q/9m7LsKpHKlfKdNE/362Hc9wPI1Yh6opDfxVJg==

"@types/geojson@*":
  version "7946.0.8"
  resolved "https://registry.yarnpkg.com/@types/geojson/-/geojson-7946.0.8.tgz#30744afdb385e2945e22f3b033f897f76b1f12ca"
  integrity sha512-1rkryxURpr6aWP7R786/UQOkJ3PcpQiWkAXBmdWc7ryFWqN6a4xfK7BtjXvFBKO9LjQ+MWQSWxYeZX1OApnArA==

"@types/google-map-react@^2.1.5":
  version "2.1.5"
  resolved "https://registry.yarnpkg.com/@types/google-map-react/-/google-map-react-2.1.5.tgz#2c477abffa33ae97e8bb893891892b97c5dc9135"
  integrity sha512-79FeuNnqPbLNWLChfcqL6exS9oPfvzPkxSxdry12ueVYRaGDGWze4TjV6cRTZP4QRZxtZBTLtDqly2zeD5VEoQ==
  dependencies:
    "@types/react" "*"

"@types/google.maps@^3.48.3":
  version "3.48.3"
  resolved "https://registry.yarnpkg.com/@types/google.maps/-/google.maps-3.48.3.tgz#c554fbd7076c75fdd82dbae0ff3d541f67f5c599"
  integrity sha512-JQuLWAEXDorNfarQy22WbIezbPKhLnsTBnDw25vyg61USZLTK8KqE1glNyASKn2v2mUOcEIWFMNHX5hNzjuw/g==

"@types/prop-types@*":
  version "15.7.4"
  resolved "https://registry.yarnpkg.com/@types/prop-types/-/prop-types-15.7.4.tgz#fcf7205c25dff795ee79af1e30da2c9790808f11"
  integrity sha512-rZ5drC/jWjrArrS8BR6SIr4cWpW09RNTYt9AMZo3Jwwif+iacXAqgVjm0B0Bv/S1jhDXKHqRVNCbACkJ89RAnQ==

"@types/react-helmet@^6.1.5":
  version "6.1.5"
  resolved "https://registry.yarnpkg.com/@types/react-helmet/-/react-helmet-6.1.5.tgz#35f89a6b1646ee2bc342a33a9a6c8777933f9083"
  integrity sha512-/ICuy7OHZxR0YCAZLNg9r7I9aijWUWvxaPR6uTuyxe8tAj5RL4Sw1+R6NhXUtOsarkGYPmaHdBDvuXh2DIN/uA==
  dependencies:
    "@types/react" "*"

"@types/react@*":
  version "17.0.40"
  resolved "https://registry.yarnpkg.com/@types/react/-/react-17.0.40.tgz#dc010cee6254d5239a138083f3799a16638e6bad"
  integrity sha512-UrXhD/JyLH+W70nNSufXqMZNuUD2cXHu6UjCllC6pmOQgBX4SGXOH8fjRka0O0Ee0HrFxapDD8Bwn81Kmiz6jQ==
  dependencies:
    "@types/prop-types" "*"
    "@types/scheduler" "*"
    csstype "^3.0.2"

"@types/react@^17.0.43":
  version "17.0.43"
  resolved "https://registry.yarnpkg.com/@types/react/-/react-17.0.43.tgz#4adc142887dd4a2601ce730bc56c3436fdb07a55"
  integrity sha512-8Q+LNpdxf057brvPu1lMtC5Vn7J119xrP1aq4qiaefNioQUYANF/CYeK4NsKorSZyUGJ66g0IM+4bbjwx45o2A==
  dependencies:
    "@types/prop-types" "*"
    "@types/scheduler" "*"
    csstype "^3.0.2"

"@types/scheduler@*":
  version "0.16.2"
  resolved "https://registry.yarnpkg.com/@types/scheduler/-/scheduler-0.16.2.tgz#1a62f89525723dde24ba1b01b092bf5df8ad4d39"
  integrity sha512-hppQEBDmlwhFAXKJX2KnWLYu5yMfi91yazPb2l+lbJiwW+wdo1gNeRA+3RgNSO39WYX2euey41KEwnqesU2Jew==

"@types/supercluster@^7.1.0":
  version "7.1.0"
  resolved "https://registry.yarnpkg.com/@types/supercluster/-/supercluster-7.1.0.tgz#67b7466c93a7d25b6e79a3c7cad885a79420aeb4"
  integrity sha512-6JapQ2GmEkH66r23BK49I+u6zczVDGTtiJEVvKDYZVSm/vepWaJuTq6BXzJ6I4agG5s8vA1KM7m/gXWDg03O4Q==
  dependencies:
    "@types/geojson" "*"

atob@^2.1.2:
  version "2.1.2"
  resolved "https://registry.yarnpkg.com/atob/-/atob-2.1.2.tgz#6d9517eb9e030d2436666651e86bd9f6f13533c9"
  integrity sha512-Wm6ukoaOGJi/73p/cl2GvLjTI5JM1k/O14isD73YML8StrH/7/lRFgmg8nICZgD3bZZvjwCGxtMOD3wWNAu8cg==

camel-case@^4.1.2:
  version "4.1.2"
  resolved "https://registry.yarnpkg.com/camel-case/-/camel-case-4.1.2.tgz#9728072a954f805228225a6deea6b38461e1bd5a"
  integrity sha512-gxGWBrTT1JuMx6R+o5PTXMmUnhnVzLQ9SNutD4YqKtI6ap897t3tKECYla6gCWEkplXnlNybEkZg9GEGxKFCgw==
  dependencies:
    pascal-case "^3.1.2"
    tslib "^2.0.3"

capital-case@^1.0.4:
  version "1.0.4"
  resolved "https://registry.yarnpkg.com/capital-case/-/capital-case-1.0.4.tgz#9d130292353c9249f6b00fa5852bee38a717e669"
  integrity sha512-ds37W8CytHgwnhGGTi88pcPyR15qoNkOpYwmMMfnWqqWgESapLqvDx6huFjQ5vqWSn2Z06173XNA7LtMOeUh1A==
  dependencies:
    no-case "^3.0.4"
    tslib "^2.0.3"
    upper-case-first "^2.0.2"

change-case@^4.1.2:
  version "4.1.2"
  resolved "https://registry.yarnpkg.com/change-case/-/change-case-4.1.2.tgz#fedfc5f136045e2398c0410ee441f95704641e12"
  integrity sha512-bSxY2ws9OtviILG1EiY5K7NNxkqg/JnRnFxLtKQ96JaviiIxi7djMrSd0ECT9AC+lttClmYwKw53BWpOMblo7A==
  dependencies:
    camel-case "^4.1.2"
    capital-case "^1.0.4"
    constant-case "^3.0.4"
    dot-case "^3.0.4"
    header-case "^2.0.4"
    no-case "^3.0.4"
    param-case "^3.0.4"
    pascal-case "^3.1.2"
    path-case "^3.0.4"
    sentence-case "^3.0.4"
    snake-case "^3.0.4"
    tslib "^2.0.3"

commander@^2.20.0:
  version "2.20.3"
  resolved "https://registry.yarnpkg.com/commander/-/commander-2.20.3.tgz#fd485e84c03eb4881c20722ba48035e8531aeb33"
  integrity sha512-GpVkmM8vF2vQUkj2LvZmD35JxeJOLCwJ9cUkugyk2nuhbv3+mJvpLYYt+0+USMxE+oj+ey/lJEnhZw75x/OMcQ==

constant-case@^3.0.4:
  version "3.0.4"
  resolved "https://registry.yarnpkg.com/constant-case/-/constant-case-3.0.4.tgz#3b84a9aeaf4cf31ec45e6bf5de91bdfb0589faf1"
  integrity sha512-I2hSBi7Vvs7BEuJDr5dDHfzb/Ruj3FyvFyh7KLilAjNQw3Be+xgqUBA2W6scVEcL0hL1dwPRtIqEPVUCKkSsyQ==
  dependencies:
    no-case "^3.0.4"
    tslib "^2.0.3"
    upper-case "^2.0.2"

csstype@^3.0.2:
  version "3.0.11"
  resolved "https://registry.yarnpkg.com/csstype/-/csstype-3.0.11.tgz#d66700c5eacfac1940deb4e3ee5642792d85cd33"
  integrity sha512-sa6P2wJ+CAbgyy4KFssIb/JNMLxFvKF1pCYCSXS8ZMuqZnMsrxqI2E5sPyoTpxoPU/gVZMzr2zjOfg8GIZOMsw==

dot-case@^3.0.4:
  version "3.0.4"
  resolved "https://registry.yarnpkg.com/dot-case/-/dot-case-3.0.4.tgz#9b2b670d00a431667a8a75ba29cd1b98809ce751"
  integrity sha512-Kv5nKlh6yRrdrGvxeJ2e5y2eRUpkUosIW4A2AS38zwSz27zu7ufDwQPi5Jhs3XAlGNetl3bmnGhQsMtkKJnj3w==
  dependencies:
    no-case "^3.0.4"
    tslib "^2.0.3"

eventemitter3@^4.0.4:
  version "4.0.7"
  resolved "https://registry.yarnpkg.com/eventemitter3/-/eventemitter3-4.0.7.tgz#2de9b68f6528d5644ef5c59526a1b4a07306169f"
  integrity sha512-8guHBZCwKnFhYdHr2ysuRWErTwhoN2X8XELRlrRwpmfeY2jjuUN4taQMsULKUVo1K4DvZl+0pgfyoysHxvmvEw==

executioner@^2.0.1:
  version "2.0.1"
  resolved "https://registry.yarnpkg.com/executioner/-/executioner-2.0.1.tgz#add328e03bc45dd598f358fbb529fc0be0ec6fcd"
  integrity sha512-idZAlKsxEZASjaIqP4PQ1txyS1bOcDwWCHy/8p5oMmLGV0XNCQPD6WWAOwJCUVsWItWzAN2BEash5N78PliaIw==
  dependencies:
    mixly "^1.0.0"

fast-deep-equal@^3.1.3:
  version "3.1.3"
  resolved "https://registry.yarnpkg.com/fast-deep-equal/-/fast-deep-equal-3.1.3.tgz#3a7d56b559d6cbc3eb512325244e619a65c6c525"
  integrity sha512-f3qQ9oQy9j2AhBe/H9VC91wLmKBCCU/gDOnKNAYG5hswO7BLKj09Hc5HYNz9cGI++xlpDCIgDaitVs03ATR84Q==

fulcon@^1.0.1:
  version "1.0.2"
  resolved "https://registry.yarnpkg.com/fulcon/-/fulcon-1.0.2.tgz#8a4dfda4c73fcd9cc62a79d5045c392b45547320"
  integrity sha512-vYwUBqbdo9XK0NmN7cFmURmy2T1YHpEsTCbxGO3aErxx6a0Z/HkWXcqcPkk7yOuJ74mSAHGWGBSBBd6v3GKebA==

google-map-react@^2.1.10:
  version "2.1.10"
  resolved "https://registry.yarnpkg.com/google-map-react/-/google-map-react-2.1.10.tgz#16b5b699f257d6008dc9333d0bbbf1ab5b31fa42"
  integrity sha512-cqW2EcygYqF26inp5liM/pAcCwOGXB9LW32oGwf931Iuq8tnasCpyEtq87G+RyQCKCo2P8/QyV+MGHuc7r9AEg==
  dependencies:
    "@googlemaps/js-api-loader" "^1.7.0"
    "@mapbox/point-geometry" "^0.1.0"
    eventemitter3 "^4.0.4"
    prop-types "^15.7.2"

header-case@^2.0.4:
  version "2.0.4"
  resolved "https://registry.yarnpkg.com/header-case/-/header-case-2.0.4.tgz#5a42e63b55177349cf405beb8d775acabb92c063"
  integrity sha512-H/vuk5TEEVZwrR0lp2zed9OCo1uAILMlx0JEMgC26rzyJJ3N1v6XkwHHXJQdR2doSjcGPM6OKPYoJgf0plJ11Q==
  dependencies:
    capital-case "^1.0.4"
    tslib "^2.0.3"

install-peers-cli@^2.2.0:
  version "2.2.0"
  resolved "https://registry.yarnpkg.com/install-peers-cli/-/install-peers-cli-2.2.0.tgz#f76f1ec8ac9fa7f920c05743e011554edad85f8d"
  integrity sha512-scSNvF49HDOLNm2xLFwST23g/OvfsceiA087bcGBgZP/ZNCrvpSaCn5IrWNZ2XYmFFykXF/6J1Zgm+D/JgRgtA==
  dependencies:
    commander "^2.20.0"
    executioner "^2.0.1"

"js-tokens@^3.0.0 || ^4.0.0":
  version "4.0.0"
  resolved "https://registry.yarnpkg.com/js-tokens/-/js-tokens-4.0.0.tgz#19203fb59991df98e3a287050d4647cdeaf32499"
  integrity sha512-RdJUflcE3cUzKiMqQgsCu06FPu9UdIJO0beYbPhHN4k6apgJtifcoCtT9bcxOpYBtpD2kCM6Sbzg4CausW/PKQ==

kdbush@^3.0.0:
  version "3.0.0"
  resolved "https://registry.yarnpkg.com/kdbush/-/kdbush-3.0.0.tgz#f8484794d47004cc2d85ed3a79353dbe0abc2bf0"
  integrity sha512-hRkd6/XW4HTsA9vjVpY9tuXJYLSlelnkTmVFu4M9/7MIYQtFcHpbugAU7UbOfjOiVSVYl2fqgBuJ32JUmRo5Ew==

lodash@^4.17.21:
  version "4.17.21"
  resolved "https://registry.yarnpkg.com/lodash/-/lodash-4.17.21.tgz#679591c564c3bffaae8454cf0b3df370c3d6911c"
  integrity sha512-v2kDEe57lecTulaDIuNTPy3Ry4gLGJ6Z1O3vE1krgXZNrsQ+LFTGHVxVjcXPs17LhbZVGedAJv8XZ1tvj5FvSg==

loose-envify@^1.4.0:
  version "1.4.0"
  resolved "https://registry.yarnpkg.com/loose-envify/-/loose-envify-1.4.0.tgz#71ee51fa7be4caec1a63839f7e682d8132d30caf"
  integrity sha512-lyuxPGr/Wfhrlem2CL/UcnUc1zcqKAImBDzukY7Y5F/yQiNdko6+fRLevlw1HgMySw7f611UIY408EtxRSoK3Q==
  dependencies:
    js-tokens "^3.0.0 || ^4.0.0"

lower-case@^2.0.2:
  version "2.0.2"
  resolved "https://registry.yarnpkg.com/lower-case/-/lower-case-2.0.2.tgz#6fa237c63dbdc4a82ca0fd882e4722dc5e634e28"
  integrity sha512-7fm3l3NAF9WfN6W3JOmf5drwpVqX78JtoGJ3A6W0a6ZnldM41w2fV5D490psKFTpMds8TJse/eHLFFsNHHjHgg==
  dependencies:
    tslib "^2.0.3"

mixly@^1.0.0:
  version "1.0.0"
  resolved "https://registry.yarnpkg.com/mixly/-/mixly-1.0.0.tgz#9b5a2e1f63e6dfba0d30e6797ffae62ab1dc24ef"
  integrity sha512-ks+xIMVeIDwuYK4LnOMXTfmiEI8oo3tFNFirpHd60C4r2H0wMwKN5/qHCrFBKFK+BYx2Gp7qs+evUJw7QO9D2w==
  dependencies:
    fulcon "^1.0.1"

no-case@^3.0.4:
  version "3.0.4"
  resolved "https://registry.yarnpkg.com/no-case/-/no-case-3.0.4.tgz#d361fd5c9800f558551a8369fc0dcd4662b6124d"
  integrity sha512-fgAN3jGAh+RoxUGZHTSOLJIqUc2wmoBwGR4tbpNAKmmovFoWq0OdRkb0VkldReO2a2iBT/OEulG9XSUc10r3zg==
  dependencies:
    lower-case "^2.0.2"
    tslib "^2.0.3"

object-assign@^4.1.1:
  version "4.1.1"
  resolved "https://registry.yarnpkg.com/object-assign/-/object-assign-4.1.1.tgz#2109adc7965887cfc05cbbd442cac8bfbb360863"
  integrity sha1-IQmtx5ZYh8/AXLvUQsrIv7s2CGM=

param-case@^3.0.4:
  version "3.0.4"
  resolved "https://registry.yarnpkg.com/param-case/-/param-case-3.0.4.tgz#7d17fe4aa12bde34d4a77d91acfb6219caad01c5"
  integrity sha512-RXlj7zCYokReqWpOPH9oYivUzLYZ5vAPIfEmCTNViosC78F8F0H9y7T7gG2M39ymgutxF5gcFEsyZQSph9Bp3A==
  dependencies:
    dot-case "^3.0.4"
    tslib "^2.0.3"

pascal-case@^3.1.2:
  version "3.1.2"
  resolved "https://registry.yarnpkg.com/pascal-case/-/pascal-case-3.1.2.tgz#b48e0ef2b98e205e7c1dae747d0b1508237660eb"
  integrity sha512-uWlGT3YSnK9x3BQJaOdcZwrnV6hPpd8jFH1/ucpiLRPh/2zCVJKS19E4GvYHvaCcACn3foXZ0cLB9Wrx1KGe5g==
  dependencies:
    no-case "^3.0.4"
    tslib "^2.0.3"

path-case@^3.0.4:
  version "3.0.4"
  resolved "https://registry.yarnpkg.com/path-case/-/path-case-3.0.4.tgz#9168645334eb942658375c56f80b4c0cb5f82c6f"
  integrity sha512-qO4qCFjXqVTrcbPt/hQfhTQ+VhFsqNKOPtytgNKkKxSoEp3XPUQ8ObFuePylOIok5gjn69ry8XiULxCwot3Wfg==
  dependencies:
    dot-case "^3.0.4"
    tslib "^2.0.3"

prop-types@^15.7.2:
  version "15.8.1"
  resolved "https://registry.yarnpkg.com/prop-types/-/prop-types-15.8.1.tgz#67d87bf1a694f48435cf332c24af10214a3140b5"
  integrity sha512-oj87CgZICdulUohogVAR7AjlC0327U4el4L6eAvOqCeudMDVU0NThNaV+b9Df4dXgSP1gXMTnPdhfe/2qDH5cg==
  dependencies:
    loose-envify "^1.4.0"
    object-assign "^4.1.1"
    react-is "^16.13.1"

react-hook-form@^7.39.5:
  version "7.39.5"
  resolved "https://registry.yarnpkg.com/react-hook-form/-/react-hook-form-7.39.5.tgz#a4272b60288ef5e1bb42bbb6ba3b36d243ab2879"
  integrity sha512-OE0HKyz5IPc6svN2wd+e+evidZrw4O4WZWAWYzQVZuHi+hYnHFSLnxOq0ddjbdmaLIsLHut/ab7j72y2QT3+KA==

react-is@^16.13.1:
  version "16.13.1"
  resolved "https://registry.yarnpkg.com/react-is/-/react-is-16.13.1.tgz#789729a4dc36de2999dc156dd6c1d9c18cea56a4"
  integrity sha512-24e6ynE2H+OKt4kqsOvNd8kBpV65zoxbA4BVsEOB3ARVWQki/DHzaUoC5KuON/BiccDaCCTZBuOcfZs70kR8bQ==

react-use-draggable-scroll@^0.4.7:
  version "0.4.7"
  resolved "https://registry.yarnpkg.com/react-use-draggable-scroll/-/react-use-draggable-scroll-0.4.7.tgz#86e77caab921ca07b134e9e1d1bc1810aeee4916"
  integrity sha512-6gCxGPO9WV5dIsBaDrgUKBaac8CY07PkygcArfajijYSNDwAq0girDRjaBuF1+lRqQryoLFQfpVaV2u/Yh6CrQ==

redux@^4.0.5:
  version "4.1.2"
  resolved "https://registry.yarnpkg.com/redux/-/redux-4.1.2.tgz#140f35426d99bb4729af760afcf79eaaac407104"
  integrity sha512-SH8PglcebESbd/shgf6mii6EIoRM0zrQyjcuQ+ojmfxjTtE0z9Y8pa62iA/OJ58qjP6j27uyW4kUF4jl/jd6sw==
  dependencies:
    "@babel/runtime" "^7.9.2"

regenerator-runtime@^0.13.4:
  version "0.13.9"
  resolved "https://registry.yarnpkg.com/regenerator-runtime/-/regenerator-runtime-0.13.9.tgz#8925742a98ffd90814988d7566ad30ca3b263b52"
  integrity sha512-p3VT+cOEgxFsRRA9X4lkI1E+k2/CtnKtU4gcxyaCUreilL/vqI6CdZ3wxVUx3UOUg+gnUOQQcRI7BmSI656MYA==

reinspect@^1.1.0:
  version "1.1.0"
  resolved "https://registry.yarnpkg.com/reinspect/-/reinspect-1.1.0.tgz#e2cabeaf7d79a1e0295b483db1ebf88032aa4c1a"
  integrity sha512-sYDAENbErxleBaDYuODWY8imD/ILvPCau8HV9XoGKWquYTmRMP9HRr32u9EqqjFu3no1MULYByRy6yABj61/+w==
  dependencies:
    redux "^4.0.5"

sentence-case@^3.0.4:
  version "3.0.4"
  resolved "https://registry.yarnpkg.com/sentence-case/-/sentence-case-3.0.4.tgz#3645a7b8c117c787fde8702056225bb62a45131f"
  integrity sha512-8LS0JInaQMCRoQ7YUytAo/xUu5W2XnQxV2HI/6uM6U7CITS1RqPElr30V6uIqyMKM9lJGRVFy5/4CuzcixNYSg==
  dependencies:
    no-case "^3.0.4"
    tslib "^2.0.3"
    upper-case-first "^2.0.2"

snake-case@^3.0.4:
  version "3.0.4"
  resolved "https://registry.yarnpkg.com/snake-case/-/snake-case-3.0.4.tgz#4f2bbd568e9935abdfd593f34c691dadb49c452c"
  integrity sha512-LAOh4z89bGQvl9pFfNF8V146i7o7/CqFPbqzYgP+yYzDIDeS9HaNFtXABamRW+AQzEVODcvE79ljJ+8a9YSdMg==
  dependencies:
    dot-case "^3.0.4"
    tslib "^2.0.3"

supercluster@^7.1.4:
  version "7.1.4"
  resolved "https://registry.yarnpkg.com/supercluster/-/supercluster-7.1.4.tgz#6762aabfd985d3390b49f13b815567d5116a828a"
  integrity sha512-GhKkRM1jMR6WUwGPw05fs66pOFWhf59lXq+Q3J3SxPvhNcmgOtLRV6aVQPMRsmXdpaeFJGivt+t7QXUPL3ff4g==
  dependencies:
    kdbush "^3.0.0"

tslib@^2.0.3:
  version "2.4.1"
  resolved "https://registry.yarnpkg.com/tslib/-/tslib-2.4.1.tgz#0d0bfbaac2880b91e22df0768e55be9753a5b17e"
  integrity sha512-tGyy4dAjRIEwI7BzsB0lynWgOpfqjUdq91XXAlIWD2OwKBH7oCl/GZG/HT4BOHrTlPMOASlMQ7veyTqpmRcrNA==

typescript@^4.5.5:
  version "4.6.2"
  resolved "https://registry.yarnpkg.com/typescript/-/typescript-4.6.2.tgz#fe12d2727b708f4eef40f51598b3398baa9611d4"
  integrity sha512-HM/hFigTBHZhLXshn9sN37H085+hQGeJHJ/X7LpBWLID/fbc2acUMfU+lGD98X81sKP+pFa9f0DZmCwB9GnbAg==

upper-case-first@^2.0.2:
  version "2.0.2"
  resolved "https://registry.yarnpkg.com/upper-case-first/-/upper-case-first-2.0.2.tgz#992c3273f882abd19d1e02894cc147117f844324"
  integrity sha512-514ppYHBaKwfJRK/pNC6c/OxfGa0obSnAl106u97Ed0I625Nin96KAjttZF6ZL3e1XLtphxnqrOi9iWgm+u+bg==
  dependencies:
    tslib "^2.0.3"

upper-case@^2.0.2:
  version "2.0.2"
  resolved "https://registry.yarnpkg.com/upper-case/-/upper-case-2.0.2.tgz#d89810823faab1df1549b7d97a76f8662bae6f7a"
  integrity sha512-KgdgDGJt2TpuwBUIjgG6lzw2GWFRCW9Qkfkiv0DxqHHLYJHmtmdUIKcZd8rHgFSjopVTlw6ggzCm1b8MFQwikg==
  dependencies:
    tslib "^2.0.3"
